
Microsoft Visual Studio Solution File, Format Version 12.00
# Visual Studio Version 16
VisualStudioVersion = 16.0.29509.3
MinimumVisualStudioVersion = 10.0.40219.1
Project("{2150E333-8FDC-42A3-9474-1A3956D46DE8}") = "proto", "proto", "{6A3E668F-0A61-4FF2-91B5-C46B91EEF791}"
	ProjectSection(SolutionItems) = preProject
		average.proto = average.proto
		dummy.proto = dummy.proto
		greeting.proto = greeting.proto
		prime.proto = prime.proto
		sumapi.proto = sumapi.proto
	EndProjectSection
EndProject
Project("{FAE04EC0-301F-11D3-BF4B-00C04F79EFBC}") = "Client", "Client\Client.csproj", "{E32E8F3F-0DDF-4368-AA1E-B2BB1E3DA2E2}"
EndProject
Project("{FAE04EC0-301F-11D3-BF4B-00C04F79EFBC}") = "Server", "Server\Server.csproj", "{19962F5D-FB3A-415E-B1E1-74596F6F7CF8}"
EndProject
Project("{2150E333-8FDC-42A3-9474-1A3956D46DE8}") = "SumAPI", "SumAPI", "{5BDD152C-1E1B-424A-AEF9-AB0FB423B659}"
EndProject
Project("{2150E333-8FDC-42A3-9474-1A3956D46DE8}") = "Unary", "Unary", "{9723C74B-2D56-4621-8D31-28E8F2665B3A}"
EndProject
Project("{2150E333-8FDC-42A3-9474-1A3956D46DE8}") = "Classes", "Classes", "{89340AFB-D0BA-417D-AD3D-ED347E144CF8}"
EndProject
Project("{9A19103F-16F7-4668-BE54-9A1E7A4F7556}") = "SumAPIClient", "SumAPIClient\SumAPIClient.csproj", "{62C93E13-981D-4EBB-B7E2-D2F0E4F41F8E}"
EndProject
Project("{9A19103F-16F7-4668-BE54-9A1E7A4F7556}") = "SumAPIServer", "SumAPIServer\SumAPIServer.csproj", "{8A810B55-2012-4AE6-BE6B-110CC72CE108}"
EndProject
Project("{2150E333-8FDC-42A3-9474-1A3956D46DE8}") = "ServerStreaming", "ServerStreaming", "{1F4726BB-FA58-4CE9-A11C-16ACEB5B00D7}"
EndProject
Project("{2150E333-8FDC-42A3-9474-1A3956D46DE8}") = "ClientStreaming", "ClientStreaming", "{CE9A8E01-93DD-4D12-9FCF-A8972D86A9A7}"
EndProject
Project("{2150E333-8FDC-42A3-9474-1A3956D46DE8}") = "BidirectionalStreaming", "BidirectionalStreaming", "{56050BF3-1BFE-4819-88C9-58D5D7559D25}"
EndProject
Project("{9A19103F-16F7-4668-BE54-9A1E7A4F7556}") = "ServerStreamServer", "ServerStreamServer\ServerStreamServer.csproj", "{317A34C6-CD25-4CE9-8691-EDBD721BFC41}"
EndProject
Project("{9A19103F-16F7-4668-BE54-9A1E7A4F7556}") = "ServerStreamClient", "ServerStreamClient\ServerStreamClient.csproj", "{5A25367A-AE02-4C20-BF14-2CF99AC3160B}"
EndProject
Project("{2150E333-8FDC-42A3-9474-1A3956D46DE8}") = "Classes", "Classes", "{588D0D9C-DD3A-40AC-B11C-B689990AC80C}"
EndProject
Project("{2150E333-8FDC-42A3-9474-1A3956D46DE8}") = "PrimeDecomposition", "PrimeDecomposition", "{DEC95616-79E8-482E-8C85-A6FB1899F1D3}"
EndProject
Project("{9A19103F-16F7-4668-BE54-9A1E7A4F7556}") = "PrimeServer", "PrimeServer\PrimeServer.csproj", "{990972D8-3291-4BF4-9541-E35DF1099170}"
EndProject
Project("{9A19103F-16F7-4668-BE54-9A1E7A4F7556}") = "PrimeClient", "PrimeClient\PrimeClient.csproj", "{919EB646-4C2B-4E3F-9283-68BFA84FA6C0}"
EndProject
Project("{2150E333-8FDC-42A3-9474-1A3956D46DE8}") = "Classes", "Classes", "{26404047-C1B8-44CF-85F0-BB7E8674B1DD}"
EndProject
Project("{2150E333-8FDC-42A3-9474-1A3956D46DE8}") = "ComputeAverage", "ComputeAverage", "{6B65889D-AA9E-4031-A867-33961F0F355E}"
EndProject
Project("{9A19103F-16F7-4668-BE54-9A1E7A4F7556}") = "ClientStreamClient", "ClientStreamClient\ClientStreamClient.csproj", "{E9FFA457-5518-424B-9350-9C6029C311D4}"
EndProject
Project("{9A19103F-16F7-4668-BE54-9A1E7A4F7556}") = "ClientStreamServer", "ClientStreamServer\ClientStreamServer.csproj", "{255BA9CD-9248-4938-9E4C-BD0E1563FE36}"
EndProject
Project("{9A19103F-16F7-4668-BE54-9A1E7A4F7556}") = "AvgServer", "AvgServer\AvgServer.csproj", "{C1A7955E-F245-47DF-BD39-C1788A90A510}"
EndProject
Project("{9A19103F-16F7-4668-BE54-9A1E7A4F7556}") = "AvgClient", "AvgClient\AvgClient.csproj", "{B1C36BE4-BF7B-4AA2-8747-C288D2BE6B52}"
EndProject
Project("{2150E333-8FDC-42A3-9474-1A3956D46DE8}") = "Classes", "Classes", "{98768940-29C7-4F4B-B5EF-985F6E576B93}"
EndProject
Project("{FAE04EC0-301F-11D3-BF4B-00C04F79EFBC}") = "BiDiStreamServer", "BiDiStreamServer\BiDiStreamServer.csproj", "{F8348D5F-6778-47AE-8DE0-D677E5DE67A2}"
EndProject
Project("{FAE04EC0-301F-11D3-BF4B-00C04F79EFBC}") = "BiDiStreamClient", "BiDiStreamClient\BiDiStreamClient.csproj", "{3540A276-4B25-4ADD-B4CE-9790FDAE1A24}"
EndProject
Global
	GlobalSection(SolutionConfigurationPlatforms) = preSolution
		Debug|Any CPU = Debug|Any CPU
		Release|Any CPU = Release|Any CPU
	EndGlobalSection
	GlobalSection(ProjectConfigurationPlatforms) = postSolution
		{E32E8F3F-0DDF-4368-AA1E-B2BB1E3DA2E2}.Debug|Any CPU.ActiveCfg = Debug|Any CPU
		{E32E8F3F-0DDF-4368-AA1E-B2BB1E3DA2E2}.Debug|Any CPU.Build.0 = Debug|Any CPU
		{E32E8F3F-0DDF-4368-AA1E-B2BB1E3DA2E2}.Release|Any CPU.ActiveCfg = Release|Any CPU
		{E32E8F3F-0DDF-4368-AA1E-B2BB1E3DA2E2}.Release|Any CPU.Build.0 = Release|Any CPU
		{19962F5D-FB3A-415E-B1E1-74596F6F7CF8}.Debug|Any CPU.ActiveCfg = Debug|Any CPU
		{19962F5D-FB3A-415E-B1E1-74596F6F7CF8}.Debug|Any CPU.Build.0 = Debug|Any CPU
		{19962F5D-FB3A-415E-B1E1-74596F6F7CF8}.Release|Any CPU.ActiveCfg = Release|Any CPU
		{19962F5D-FB3A-415E-B1E1-74596F6F7CF8}.Release|Any CPU.Build.0 = Release|Any CPU
		{62C93E13-981D-4EBB-B7E2-D2F0E4F41F8E}.Debug|Any CPU.ActiveCfg = Debug|Any CPU
		{62C93E13-981D-4EBB-B7E2-D2F0E4F41F8E}.Debug|Any CPU.Build.0 = Debug|Any CPU
		{62C93E13-981D-4EBB-B7E2-D2F0E4F41F8E}.Release|Any CPU.ActiveCfg = Release|Any CPU
		{62C93E13-981D-4EBB-B7E2-D2F0E4F41F8E}.Release|Any CPU.Build.0 = Release|Any CPU
		{8A810B55-2012-4AE6-BE6B-110CC72CE108}.Debug|Any CPU.ActiveCfg = Debug|Any CPU
		{8A810B55-2012-4AE6-BE6B-110CC72CE108}.Debug|Any CPU.Build.0 = Debug|Any CPU
		{8A810B55-2012-4AE6-BE6B-110CC72CE108}.Release|Any CPU.ActiveCfg = Release|Any CPU
		{8A810B55-2012-4AE6-BE6B-110CC72CE108}.Release|Any CPU.Build.0 = Release|Any CPU
		{317A34C6-CD25-4CE9-8691-EDBD721BFC41}.Debug|Any CPU.ActiveCfg = Debug|Any CPU
		{317A34C6-CD25-4CE9-8691-EDBD721BFC41}.Debug|Any CPU.Build.0 = Debug|Any CPU
		{317A34C6-CD25-4CE9-8691-EDBD721BFC41}.Release|Any CPU.ActiveCfg = Release|Any CPU
		{317A34C6-CD25-4CE9-8691-EDBD721BFC41}.Release|Any CPU.Build.0 = Release|Any CPU
		{5A25367A-AE02-4C20-BF14-2CF99AC3160B}.Debug|Any CPU.ActiveCfg = Debug|Any CPU
		{5A25367A-AE02-4C20-BF14-2CF99AC3160B}.Debug|Any CPU.Build.0 = Debug|Any CPU
		{5A25367A-AE02-4C20-BF14-2CF99AC3160B}.Release|Any CPU.ActiveCfg = Release|Any CPU
		{5A25367A-AE02-4C20-BF14-2CF99AC3160B}.Release|Any CPU.Build.0 = Release|Any CPU
		{990972D8-3291-4BF4-9541-E35DF1099170}.Debug|Any CPU.ActiveCfg = Debug|Any CPU
		{990972D8-3291-4BF4-9541-E35DF1099170}.Debug|Any CPU.Build.0 = Debug|Any CPU
		{990972D8-3291-4BF4-9541-E35DF1099170}.Release|Any CPU.ActiveCfg = Release|Any CPU
		{990972D8-3291-4BF4-9541-E35DF1099170}.Release|Any CPU.Build.0 = Release|Any CPU
		{919EB646-4C2B-4E3F-9283-68BFA84FA6C0}.Debug|Any CPU.ActiveCfg = Debug|Any CPU
		{919EB646-4C2B-4E3F-9283-68BFA84FA6C0}.Debug|Any CPU.Build.0 = Debug|Any CPU
		{919EB646-4C2B-4E3F-9283-68BFA84FA6C0}.Release|Any CPU.ActiveCfg = Release|Any CPU
		{919EB646-4C2B-4E3F-9283-68BFA84FA6C0}.Release|Any CPU.Build.0 = Release|Any CPU
		{E9FFA457-5518-424B-9350-9C6029C311D4}.Debug|Any CPU.ActiveCfg = Debug|Any CPU
		{E9FFA457-5518-424B-9350-9C6029C311D4}.Debug|Any CPU.Build.0 = Debug|Any CPU
		{E9FFA457-5518-424B-9350-9C6029C311D4}.Release|Any CPU.ActiveCfg = Release|Any CPU
		{E9FFA457-5518-424B-9350-9C6029C311D4}.Release|Any CPU.Build.0 = Release|Any CPU
		{255BA9CD-9248-4938-9E4C-BD0E1563FE36}.Debug|Any CPU.ActiveCfg = Debug|Any CPU
		{255BA9CD-9248-4938-9E4C-BD0E1563FE36}.Debug|Any CPU.Build.0 = Debug|Any CPU
		{255BA9CD-9248-4938-9E4C-BD0E1563FE36}.Release|Any CPU.ActiveCfg = Release|Any CPU
		{255BA9CD-9248-4938-9E4C-BD0E1563FE36}.Release|Any CPU.Build.0 = Release|Any CPU
		{C1A7955E-F245-47DF-BD39-C1788A90A510}.Debug|Any CPU.ActiveCfg = Debug|Any CPU
		{C1A7955E-F245-47DF-BD39-C1788A90A510}.Debug|Any CPU.Build.0 = Debug|Any CPU
		{C1A7955E-F245-47DF-BD39-C1788A90A510}.Release|Any CPU.ActiveCfg = Release|Any CPU
		{C1A7955E-F245-47DF-BD39-C1788A90A510}.Release|Any CPU.Build.0 = Release|Any CPU
		{B1C36BE4-BF7B-4AA2-8747-C288D2BE6B52}.Debug|Any CPU.ActiveCfg = Debug|Any CPU
		{B1C36BE4-BF7B-4AA2-8747-C288D2BE6B52}.Debug|Any CPU.Build.0 = Debug|Any CPU
		{B1C36BE4-BF7B-4AA2-8747-C288D2BE6B52}.Release|Any CPU.ActiveCfg = Release|Any CPU
		{B1C36BE4-BF7B-4AA2-8747-C288D2BE6B52}.Release|Any CPU.Build.0 = Release|Any CPU
		{F8348D5F-6778-47AE-8DE0-D677E5DE67A2}.Debug|Any CPU.ActiveCfg = Debug|Any CPU
		{F8348D5F-6778-47AE-8DE0-D677E5DE67A2}.Debug|Any CPU.Build.0 = Debug|Any CPU
		{F8348D5F-6778-47AE-8DE0-D677E5DE67A2}.Release|Any CPU.ActiveCfg = Release|Any CPU
		{F8348D5F-6778-47AE-8DE0-D677E5DE67A2}.Release|Any CPU.Build.0 = Release|Any CPU
		{3540A276-4B25-4ADD-B4CE-9790FDAE1A24}.Debug|Any CPU.ActiveCfg = Debug|Any CPU
		{3540A276-4B25-4ADD-B4CE-9790FDAE1A24}.Debug|Any CPU.Build.0 = Debug|Any CPU
		{3540A276-4B25-4ADD-B4CE-9790FDAE1A24}.Release|Any CPU.ActiveCfg = Release|Any CPU
		{3540A276-4B25-4ADD-B4CE-9790FDAE1A24}.Release|Any CPU.Build.0 = Release|Any CPU
	EndGlobalSection
	GlobalSection(SolutionProperties) = preSolution
		HideSolutionNode = FALSE
	EndGlobalSection
	GlobalSection(NestedProjects) = preSolution
		{E32E8F3F-0DDF-4368-AA1E-B2BB1E3DA2E2} = {89340AFB-D0BA-417D-AD3D-ED347E144CF8}
		{19962F5D-FB3A-415E-B1E1-74596F6F7CF8} = {89340AFB-D0BA-417D-AD3D-ED347E144CF8}
		{5BDD152C-1E1B-424A-AEF9-AB0FB423B659} = {9723C74B-2D56-4621-8D31-28E8F2665B3A}
		{89340AFB-D0BA-417D-AD3D-ED347E144CF8} = {9723C74B-2D56-4621-8D31-28E8F2665B3A}
		{62C93E13-981D-4EBB-B7E2-D2F0E4F41F8E} = {5BDD152C-1E1B-424A-AEF9-AB0FB423B659}
		{8A810B55-2012-4AE6-BE6B-110CC72CE108} = {5BDD152C-1E1B-424A-AEF9-AB0FB423B659}
		{317A34C6-CD25-4CE9-8691-EDBD721BFC41} = {588D0D9C-DD3A-40AC-B11C-B689990AC80C}
		{5A25367A-AE02-4C20-BF14-2CF99AC3160B} = {588D0D9C-DD3A-40AC-B11C-B689990AC80C}
		{588D0D9C-DD3A-40AC-B11C-B689990AC80C} = {1F4726BB-FA58-4CE9-A11C-16ACEB5B00D7}
		{DEC95616-79E8-482E-8C85-A6FB1899F1D3} = {1F4726BB-FA58-4CE9-A11C-16ACEB5B00D7}
		{990972D8-3291-4BF4-9541-E35DF1099170} = {DEC95616-79E8-482E-8C85-A6FB1899F1D3}
		{919EB646-4C2B-4E3F-9283-68BFA84FA6C0} = {DEC95616-79E8-482E-8C85-A6FB1899F1D3}
		{26404047-C1B8-44CF-85F0-BB7E8674B1DD} = {CE9A8E01-93DD-4D12-9FCF-A8972D86A9A7}
		{6B65889D-AA9E-4031-A867-33961F0F355E} = {CE9A8E01-93DD-4D12-9FCF-A8972D86A9A7}
		{E9FFA457-5518-424B-9350-9C6029C311D4} = {26404047-C1B8-44CF-85F0-BB7E8674B1DD}
		{255BA9CD-9248-4938-9E4C-BD0E1563FE36} = {26404047-C1B8-44CF-85F0-BB7E8674B1DD}
		{C1A7955E-F245-47DF-BD39-C1788A90A510} = {6B65889D-AA9E-4031-A867-33961F0F355E}
		{B1C36BE4-BF7B-4AA2-8747-C288D2BE6B52} = {6B65889D-AA9E-4031-A867-33961F0F355E}
		{98768940-29C7-4F4B-B5EF-985F6E576B93} = {56050BF3-1BFE-4819-88C9-58D5D7559D25}
		{F8348D5F-6778-47AE-8DE0-D677E5DE67A2} = {98768940-29C7-4F4B-B5EF-985F6E576B93}
		{3540A276-4B25-4ADD-B4CE-9790FDAE1A24} = {98768940-29C7-4F4B-B5EF-985F6E576B93}
	EndGlobalSection
	GlobalSection(ExtensibilityGlobals) = postSolution
		SolutionGuid = {41D906A8-0DC0-483B-A111-D8EB739B359D}
	EndGlobalSection
EndGlobal
