
Microsoft Visual Studio Solution File, Format Version 12.00
# Visual Studio Version 16
VisualStudioVersion = 16.0.29509.3
MinimumVisualStudioVersion = 10.0.40219.1
Project("{2150E333-8FDC-42A3-9474-1A3956D46DE8}") = "proto", "proto", "{6A3E668F-0A61-4FF2-91B5-C46B91EEF791}"
	ProjectSection(SolutionItems) = preProject
		dummy.proto = dummy.proto
		greeting.proto = greeting.proto
		prime.proto = prime.proto
		sumapi.proto = sumapi.proto
	EndProjectSection
EndProject
Project("{FAE04EC0-301F-11D3-BF4B-00C04F79EFBC}") = "Client", "Client\Client.csproj", "{E32E8F3F-0DDF-4368-AA1E-B2BB1E3DA2E2}"
EndProject
Project("{FAE04EC0-301F-11D3-BF4B-00C04F79EFBC}") = "Server", "Server\Server.csproj", "{19962F5D-FB3A-415E-B1E1-74596F6F7CF8}"
EndProject
Project("{2150E333-8FDC-42A3-9474-1A3956D46DE8}") = "SumAPI", "SumAPI", "{5BDD152C-1E1B-424A-AEF9-AB0FB423B659}"
EndProject
Project("{2150E333-8FDC-42A3-9474-1A3956D46DE8}") = "Unary", "Unary", "{9723C74B-2D56-4621-8D31-28E8F2665B3A}"
EndProject
Project("{2150E333-8FDC-42A3-9474-1A3956D46DE8}") = "Classes", "Classes", "{89340AFB-D0BA-417D-AD3D-ED347E144CF8}"
EndProject
Project("{9A19103F-16F7-4668-BE54-9A1E7A4F7556}") = "SumAPIClient", "SumAPIClient\SumAPIClient.csproj", "{62C93E13-981D-4EBB-B7E2-D2F0E4F41F8E}"
EndProject
Project("{9A19103F-16F7-4668-BE54-9A1E7A4F7556}") = "SumAPIServer", "SumAPIServer\SumAPIServer.csproj", "{8A810B55-2012-4AE6-BE6B-110CC72CE108}"
EndProject
Project("{2150E333-8FDC-42A3-9474-1A3956D46DE8}") = "ServerStreaming", "ServerStreaming", "{1F4726BB-FA58-4CE9-A11C-16ACEB5B00D7}"
EndProject
Project("{2150E333-8FDC-42A3-9474-1A3956D46DE8}") = "ClientStreaming", "ClientStreaming", "{CE9A8E01-93DD-4D12-9FCF-A8972D86A9A7}"
EndProject
Project("{2150E333-8FDC-42A3-9474-1A3956D46DE8}") = "BidirectionalStreaming", "BidirectionalStreaming", "{56050BF3-1BFE-4819-88C9-58D5D7559D25}"
EndProject
Project("{2150E333-8FDC-42A3-9474-1A3956D46DE8}") = "Server", "Server", "{B382DF8E-53EA-486B-B739-8E711177FDB1}"
EndProject
Project("{2150E333-8FDC-42A3-9474-1A3956D46DE8}") = "Client", "Client", "{0F8B2AD3-C57C-4116-9AF2-043D034FD6BA}"
EndProject
Project("{9A19103F-16F7-4668-BE54-9A1E7A4F7556}") = "ServerStreamServer", "ServerStreamServer\ServerStreamServer.csproj", "{317A34C6-CD25-4CE9-8691-EDBD721BFC41}"
EndProject
Project("{FAE04EC0-301F-11D3-BF4B-00C04F79EFBC}") = "ServerStreamClient", "ServerStreamClient\ServerStreamClient.csproj", "{5A25367A-AE02-4C20-BF14-2CF99AC3160B}"
EndProject
Project("{2150E333-8FDC-42A3-9474-1A3956D46DE8}") = "Classes", "Classes", "{588D0D9C-DD3A-40AC-B11C-B689990AC80C}"
EndProject
Project("{2150E333-8FDC-42A3-9474-1A3956D46DE8}") = "PrimeDecomposition", "PrimeDecomposition", "{DEC95616-79E8-482E-8C85-A6FB1899F1D3}"
EndProject
Project("{FAE04EC0-301F-11D3-BF4B-00C04F79EFBC}") = "PrimeServer", "PrimeServer\PrimeServer.csproj", "{990972D8-3291-4BF4-9541-E35DF1099170}"
EndProject
Project("{FAE04EC0-301F-11D3-BF4B-00C04F79EFBC}") = "PrimeClient", "PrimeClient\PrimeClient.csproj", "{919EB646-4C2B-4E3F-9283-68BFA84FA6C0}"
EndProject
Global
	GlobalSection(SolutionConfigurationPlatforms) = preSolution
		Debug|Any CPU = Debug|Any CPU
		Release|Any CPU = Release|Any CPU
	EndGlobalSection
	GlobalSection(ProjectConfigurationPlatforms) = postSolution
		{E32E8F3F-0DDF-4368-AA1E-B2BB1E3DA2E2}.Debug|Any CPU.ActiveCfg = Debug|Any CPU
		{E32E8F3F-0DDF-4368-AA1E-B2BB1E3DA2E2}.Debug|Any CPU.Build.0 = Debug|Any CPU
		{E32E8F3F-0DDF-4368-AA1E-B2BB1E3DA2E2}.Release|Any CPU.ActiveCfg = Release|Any CPU
		{E32E8F3F-0DDF-4368-AA1E-B2BB1E3DA2E2}.Release|Any CPU.Build.0 = Release|Any CPU
		{19962F5D-FB3A-415E-B1E1-74596F6F7CF8}.Debug|Any CPU.ActiveCfg = Debug|Any CPU
		{19962F5D-FB3A-415E-B1E1-74596F6F7CF8}.Debug|Any CPU.Build.0 = Debug|Any CPU
		{19962F5D-FB3A-415E-B1E1-74596F6F7CF8}.Release|Any CPU.ActiveCfg = Release|Any CPU
		{19962F5D-FB3A-415E-B1E1-74596F6F7CF8}.Release|Any CPU.Build.0 = Release|Any CPU
		{62C93E13-981D-4EBB-B7E2-D2F0E4F41F8E}.Debug|Any CPU.ActiveCfg = Debug|Any CPU
		{62C93E13-981D-4EBB-B7E2-D2F0E4F41F8E}.Debug|Any CPU.Build.0 = Debug|Any CPU
		{62C93E13-981D-4EBB-B7E2-D2F0E4F41F8E}.Release|Any CPU.ActiveCfg = Release|Any CPU
		{62C93E13-981D-4EBB-B7E2-D2F0E4F41F8E}.Release|Any CPU.Build.0 = Release|Any CPU
		{8A810B55-2012-4AE6-BE6B-110CC72CE108}.Debug|Any CPU.ActiveCfg = Debug|Any CPU
		{8A810B55-2012-4AE6-BE6B-110CC72CE108}.Debug|Any CPU.Build.0 = Debug|Any CPU
		{8A810B55-2012-4AE6-BE6B-110CC72CE108}.Release|Any CPU.ActiveCfg = Release|Any CPU
		{8A810B55-2012-4AE6-BE6B-110CC72CE108}.Release|Any CPU.Build.0 = Release|Any CPU
		{317A34C6-CD25-4CE9-8691-EDBD721BFC41}.Debug|Any CPU.ActiveCfg = Debug|Any CPU
		{317A34C6-CD25-4CE9-8691-EDBD721BFC41}.Debug|Any CPU.Build.0 = Debug|Any CPU
		{317A34C6-CD25-4CE9-8691-EDBD721BFC41}.Release|Any CPU.ActiveCfg = Release|Any CPU
		{317A34C6-CD25-4CE9-8691-EDBD721BFC41}.Release|Any CPU.Build.0 = Release|Any CPU
		{5A25367A-AE02-4C20-BF14-2CF99AC3160B}.Debug|Any CPU.ActiveCfg = Debug|Any CPU
		{5A25367A-AE02-4C20-BF14-2CF99AC3160B}.Debug|Any CPU.Build.0 = Debug|Any CPU
		{5A25367A-AE02-4C20-BF14-2CF99AC3160B}.Release|Any CPU.ActiveCfg = Release|Any CPU
		{5A25367A-AE02-4C20-BF14-2CF99AC3160B}.Release|Any CPU.Build.0 = Release|Any CPU
		{990972D8-3291-4BF4-9541-E35DF1099170}.Debug|Any CPU.ActiveCfg = Debug|Any CPU
		{990972D8-3291-4BF4-9541-E35DF1099170}.Debug|Any CPU.Build.0 = Debug|Any CPU
		{990972D8-3291-4BF4-9541-E35DF1099170}.Release|Any CPU.ActiveCfg = Release|Any CPU
		{990972D8-3291-4BF4-9541-E35DF1099170}.Release|Any CPU.Build.0 = Release|Any CPU
		{919EB646-4C2B-4E3F-9283-68BFA84FA6C0}.Debug|Any CPU.ActiveCfg = Debug|Any CPU
		{919EB646-4C2B-4E3F-9283-68BFA84FA6C0}.Debug|Any CPU.Build.0 = Debug|Any CPU
		{919EB646-4C2B-4E3F-9283-68BFA84FA6C0}.Release|Any CPU.ActiveCfg = Release|Any CPU
		{919EB646-4C2B-4E3F-9283-68BFA84FA6C0}.Release|Any CPU.Build.0 = Release|Any CPU
	EndGlobalSection
	GlobalSection(SolutionProperties) = preSolution
		HideSolutionNode = FALSE
	EndGlobalSection
	GlobalSection(NestedProjects) = preSolution
		{E32E8F3F-0DDF-4368-AA1E-B2BB1E3DA2E2} = {89340AFB-D0BA-417D-AD3D-ED347E144CF8}
		{19962F5D-FB3A-415E-B1E1-74596F6F7CF8} = {89340AFB-D0BA-417D-AD3D-ED347E144CF8}
		{5BDD152C-1E1B-424A-AEF9-AB0FB423B659} = {9723C74B-2D56-4621-8D31-28E8F2665B3A}
		{89340AFB-D0BA-417D-AD3D-ED347E144CF8} = {9723C74B-2D56-4621-8D31-28E8F2665B3A}
		{62C93E13-981D-4EBB-B7E2-D2F0E4F41F8E} = {5BDD152C-1E1B-424A-AEF9-AB0FB423B659}
		{8A810B55-2012-4AE6-BE6B-110CC72CE108} = {5BDD152C-1E1B-424A-AEF9-AB0FB423B659}
		{B382DF8E-53EA-486B-B739-8E711177FDB1} = {588D0D9C-DD3A-40AC-B11C-B689990AC80C}
		{0F8B2AD3-C57C-4116-9AF2-043D034FD6BA} = {588D0D9C-DD3A-40AC-B11C-B689990AC80C}
		{317A34C6-CD25-4CE9-8691-EDBD721BFC41} = {B382DF8E-53EA-486B-B739-8E711177FDB1}
		{5A25367A-AE02-4C20-BF14-2CF99AC3160B} = {0F8B2AD3-C57C-4116-9AF2-043D034FD6BA}
		{588D0D9C-DD3A-40AC-B11C-B689990AC80C} = {1F4726BB-FA58-4CE9-A11C-16ACEB5B00D7}
		{DEC95616-79E8-482E-8C85-A6FB1899F1D3} = {1F4726BB-FA58-4CE9-A11C-16ACEB5B00D7}
		{990972D8-3291-4BF4-9541-E35DF1099170} = {DEC95616-79E8-482E-8C85-A6FB1899F1D3}
		{919EB646-4C2B-4E3F-9283-68BFA84FA6C0} = {DEC95616-79E8-482E-8C85-A6FB1899F1D3}
	EndGlobalSection
	GlobalSection(ExtensibilityGlobals) = postSolution
		SolutionGuid = {41D906A8-0DC0-483B-A111-D8EB739B359D}
	EndGlobalSection
EndGlobal
